
Microsoft Visual Studio Solution File, Format Version 12.00
# Visual Studio Version 16
VisualStudioVersion = 16.0.31112.23
MinimumVisualStudioVersion = 10.0.40219.1
Project("{FAE04EC0-301F-11D3-BF4B-00C04F79EFBC}") = "CreatioConsoleHelper", "CreatioConsoleHelper.csproj", "{B4C97C64-21BF-439B-B4B6-C2DC918E98AE}"
EndProject
Global
	GlobalSection(SolutionConfigurationPlatforms) = preSolution
		Debug|Any CPU = Debug|Any CPU
		Release|Any CPU = Release|Any CPU
	EndGlobalSection
	GlobalSection(ProjectConfigurationPlatforms) = postSolution
		{B4C97C64-21BF-439B-B4B6-C2DC918E98AE}.Debug|Any CPU.ActiveCfg = Debug|Any CPU
		{B4C97C64-21BF-439B-B4B6-C2DC918E98AE}.Debug|Any CPU.Build.0 = Debug|Any CPU
		{B4C97C64-21BF-439B-B4B6-C2DC918E98AE}.Release|Any CPU.ActiveCfg = Release|Any CPU
		{B4C97C64-21BF-439B-B4B6-C2DC918E98AE}.Release|Any CPU.Build.0 = Release|Any CPU
	EndGlobalSection
	GlobalSection(SolutionProperties) = preSolution
		HideSolutionNode = FALSE
	EndGlobalSection
	GlobalSection(ExtensibilityGlobals) = postSolution
		SolutionGuid = {2E54E8E9-1013-4531-8D90-AF9FCCDD49E7}
	EndGlobalSection
EndGlobal
